
Microsoft Visual Studio Solution File, Format Version 12.00
# Visual Studio Version 16
VisualStudioVersion = 16.0.35731.53
MinimumVisualStudioVersion = 10.0.40219.1
Project("{FAE04EC0-301F-11D3-BF4B-00C04F79EFBC}") = "exibirnome", "exibirnome.csproj", "{B2ECBDAB-484A-46A6-9D84-7399E4F72B04}"
EndProject
Global
	GlobalSection(SolutionConfigurationPlatforms) = preSolution
		Debug|Any CPU = Debug|Any CPU
		Debug|x64 = Debug|x64
		Release|Any CPU = Release|Any CPU
		Release|x64 = Release|x64
	EndGlobalSection
	GlobalSection(ProjectConfigurationPlatforms) = postSolution
		{B2ECBDAB-484A-46A6-9D84-7399E4F72B04}.Debug|Any CPU.ActiveCfg = Debug|Any CPU
		{B2ECBDAB-484A-46A6-9D84-7399E4F72B04}.Debug|Any CPU.Build.0 = Debug|Any CPU
		{B2ECBDAB-484A-46A6-9D84-7399E4F72B04}.Debug|x64.ActiveCfg = Debug|x64
		{B2ECBDAB-484A-46A6-9D84-7399E4F72B04}.Debug|x64.Build.0 = Debug|x64
		{B2ECBDAB-484A-46A6-9D84-7399E4F72B04}.Release|Any CPU.ActiveCfg = Release|Any CPU
		{B2ECBDAB-484A-46A6-9D84-7399E4F72B04}.Release|Any CPU.Build.0 = Release|Any CPU
		{B2ECBDAB-484A-46A6-9D84-7399E4F72B04}.Release|x64.ActiveCfg = Release|x64
		{B2ECBDAB-484A-46A6-9D84-7399E4F72B04}.Release|x64.Build.0 = Release|x64
	EndGlobalSection
	GlobalSection(SolutionProperties) = preSolution
		HideSolutionNode = FALSE
	EndGlobalSection
	GlobalSection(ExtensibilityGlobals) = postSolution
		SolutionGuid = {49D95BE9-242C-4F4A-BE1B-328C6124E3CC}
	EndGlobalSection
EndGlobal
